Microsoft Visual Studio Solution File, Format Version 12.00
# Visual Studio 2013
VisualStudioVersion = 12.0.30501.0
MinimumVisualStudioVersion = 10.0.40219.1
Project("{8BC9CEB8-8B4A-11D0-8D11-00A0C91BC942}") = "bcpnn_simple", "bcpnn_simple.vcxproj", "{45ED98AE-0D76-4585-BCA5-FB361BD3969F}"
	ProjectSection(ProjectDependencies) = postProject
		{5891C2C9-6AA6-48BE-ADBA-6C48A4DC8959} = {5891C2C9-6AA6-48BE-ADBA-6C48A4DC8959}
	EndProjectSection
EndProject
Project("{8BC9CEB8-8B4A-11D0-8D11-00A0C91BC942}") = "runner", "bcpnn_simple_CODE\runner.vcxproj", "{5891C2C9-6AA6-48BE-ADBA-6C48A4DC8959}"
EndProject
Global
	GlobalSection(SolutionConfigurationPlatforms) = preSolution
		Debug|x64 = Debug|x64
		Release|x64 = Release|x64
	EndGlobalSection
	GlobalSection(ProjectConfigurationPlatforms) = postSolution
		{45ED98AE-0D76-4585-BCA5-FB361BD3969F}.Debug|x64.ActiveCfg = Debug|x64
		{45ED98AE-0D76-4585-BCA5-FB361BD3969F}.Debug|x64.Build.0 = Debug|x64
		{45ED98AE-0D76-4585-BCA5-FB361BD3969F}.Release|x64.ActiveCfg = Release|x64
		{45ED98AE-0D76-4585-BCA5-FB361BD3969F}.Release|x64.Build.0 = Release|x64
		{5891C2C9-6AA6-48BE-ADBA-6C48A4DC8959}.Debug|x64.ActiveCfg = Debug|x64
		{5891C2C9-6AA6-48BE-ADBA-6C48A4DC8959}.Debug|x64.Build.0 = Debug|x64
		{5891C2C9-6AA6-48BE-ADBA-6C48A4DC8959}.Release|x64.ActiveCfg = Release|x64
		{5891C2C9-6AA6-48BE-ADBA-6C48A4DC8959}.Release|x64.Build.0 = Release|x64
	EndGlobalSection
	GlobalSection(SolutionProperties) = preSolution
		HideSolutionNode = FALSE
	EndGlobalSection
EndGlobal
